# THIS IS AN AUTOGENERATED FILE. DO NOT EDIT THIS FILE DIRECTLY.
# yarn lockfile v1


node-curseforge@^1.2.2:
  version "1.2.2"
  resolved "https://registry.yarnpkg.com/node-curseforge/-/node-curseforge-1.2.2.tgz#8e5cabfec14dc2aeb440c4ad14643d38c3be1cf9"
  integrity sha512-dfvKVN7pup3we+yFLzrpWG+o20t+XhMMnIVfNBCQ513TnNI93TrMsCXjNPMLCEBB5DFSAnXGdrKwqRQrB18Qeg==
